{
  "object": {
    "pins": [
      {
        "package": "MetalPetal",
        "repositoryURL": "https://github.com/MetalPetal/MetalPetal.git",
        "state": {
          "branch": null,
          "revision": "601636764678ac3e52ff71831fced506155542e2",
          "version": "1.23.0"
        }
      },
      {
        "package": "SKQueue",
        "repositoryURL": "https://github.com/daniel-pedersen/SKQueue.git",
        "state": {
          "branch": null,
          "revision": "08faecdcd1173d57706e5949dd699183e16f3c39",
          "version": "1.2.1"
        }
      }
    ]
  },
  "version": 1
}
